
Microsoft Visual Studio Solution File, Format Version 12.00
# Visual Studio Version 17
VisualStudioVersion = 17.13.35825.156 d17.13
MinimumVisualStudioVersion = 10.0.40219.1
Project("{FAE04EC0-301F-11D3-BF4B-00C04F79EFBC}") = "JobTracking.API", "JobTracking.API\JobTracking.API.csproj", "{45A987C2-D7F7-4918-BF09-AFD9082D55D3}"
EndProject
Global
	GlobalSection(SolutionConfigurationPlatforms) = preSolution
		Debug|Any CPU = Debug|Any CPU
		Release|Any CPU = Release|Any CPU
	EndGlobalSection
	GlobalSection(ProjectConfigurationPlatforms) = postSolution
		{45A987C2-D7F7-4918-BF09-AFD9082D55D3}.Debug|Any CPU.ActiveCfg = Debug|Any CPU
		{45A987C2-D7F7-4918-BF09-AFD9082D55D3}.Debug|Any CPU.Build.0 = Debug|Any CPU
		{45A987C2-D7F7-4918-BF09-AFD9082D55D3}.Release|Any CPU.ActiveCfg = Release|Any CPU
		{45A987C2-D7F7-4918-BF09-AFD9082D55D3}.Release|Any CPU.Build.0 = Release|Any CPU
	EndGlobalSection
	GlobalSection(SolutionProperties) = preSolution
		HideSolutionNode = FALSE
	EndGlobalSection
	GlobalSection(ExtensibilityGlobals) = postSolution
		SolutionGuid = {C6992E5D-1DFE-4884-922D-8D0231B52870}
	EndGlobalSection
EndGlobal
